// !$*UTF8*$!
{
	archiveVersion = 1;
	classes = {
	};
	objectVersion = 50;
	objects = {

/* Begin PBXBuildFile section */
		EF64502321D7862D0017AF9D /* AppDelegate.swift in Sources */ = {isa = PBXBuildFile; fileRef = EF64502221D7862D0017AF9D /* AppDelegate.swift */; };
		EF64502521D7862D0017AF9D /* MainViewController.swift in Sources */ = {isa = PBXBuildFile; fileRef = EF64502421D7862D0017AF9D /* MainViewController.swift */; };
		EF64502A21D7862F0017AF9D /* Assets.xcassets in Resources */ = {isa = PBXBuildFile; fileRef = EF64502921D7862F0017AF9D /* Assets.xcassets */; };
		EF64502D21D7862F0017AF9D /* LaunchScreen.storyboard in Resources */ = {isa = PBXBuildFile; fileRef = EF64502B21D7862F0017AF9D /* LaunchScreen.storyboard */; };
		EF64503521D788F30017AF9D /* MainViewController.xib in Resources */ = {isa = PBXBuildFile; fileRef = EF64503421D788F30017AF9D /* MainViewController.xib */; };
		EF64503721D78E060017AF9D /* InsideView.xib in Resources */ = {isa = PBXBuildFile; fileRef = EF64503621D78E060017AF9D /* InsideView.xib */; };
		EF64503921D78E180017AF9D /* InsideView.swift in Sources */ = {isa = PBXBuildFile; fileRef = EF64503821D78E180017AF9D /* InsideView.swift */; };
		EF64503D21D79C0D0017AF9D /* MainViewModel.swift in Sources */ = {isa = PBXBuildFile; fileRef = EF64503C21D79C0D0017AF9D /* MainViewModel.swift */; };
		EF64503F21D79C3E0017AF9D /* InsideViewModel.swift in Sources */ = {isa = PBXBuildFile; fileRef = EF64503E21D79C3E0017AF9D /* InsideViewModel.swift */; };
		EF64504221D79D6E0017AF9D /* UIView+LoadFromNib.swift in Sources */ = {isa = PBXBuildFile; fileRef = EF64504121D79D6E0017AF9D /* UIView+LoadFromNib.swift */; };
/* End PBXBuildFile section */

/* Begin PBXFileReference section */
		EF64501F21D7862D0017AF9D /* InitViewFromXibSampler.app */ = {isa = PBXFileReference; explicitFileType = wrapper.application; includeInIndex = 0; path = InitViewFromXibSampler.app; sourceTree = BUILT_PRODUCTS_DIR; };
		EF64502221D7862D0017AF9D /* AppDelegate.swift */ = {isa = PBXFileReference; lastKnownFileType = sourcecode.swift; path = AppDelegate.swift; sourceTree = "<group>"; };
		EF64502421D7862D0017AF9D /* MainViewController.swift */ = {isa = PBXFileReference; lastKnownFileType = sourcecode.swift; path = MainViewController.swift; sourceTree = "<group>"; };
		EF64502921D7862F0017AF9D /* Assets.xcassets */ = {isa = PBXFileReference; lastKnownFileType = folder.assetcatalog; path = Assets.xcassets; sourceTree = "<group>"; };
		EF64502C21D7862F0017AF9D /* Base */ = {isa = PBXFileReference; lastKnownFileType = file.storyboard; name = Base; path = Base.lproj/LaunchScreen.storyboard; sourceTree = "<group>"; };
		EF64502E21D7862F0017AF9D /* Info.plist */ = {isa = PBXFileReference; lastKnownFileType = text.plist.xml; path = Info.plist; sourceTree = "<group>"; };
		EF64503421D788F30017AF9D /* MainViewController.xib */ = {isa = PBXFileReference; lastKnownFileType = file.xib; path = MainViewController.xib; sourceTree = "<group>"; };
		EF64503621D78E060017AF9D /* InsideView.xib */ = {isa = PBXFileReference; lastKnownFileType = file.xib; path = InsideView.xib; sourceTree = "<group>"; };
		EF64503821D78E180017AF9D /* InsideView.swift */ = {isa = PBXFileReference; lastKnownFileType = sourcecode.swift; path = InsideView.swift; sourceTree = "<group>"; };
		EF64503C21D79C0D0017AF9D /* MainViewModel.swift */ = {isa = PBXFileReference; lastKnownFileType = sourcecode.swift; path = MainViewModel.swift; sourceTree = "<group>"; };
		EF64503E21D79C3E0017AF9D /* InsideViewModel.swift */ = {isa = PBXFileReference; lastKnownFileType = sourcecode.swift; path = InsideViewModel.swift; sourceTree = "<group>"; };
		EF64504121D79D6E0017AF9D /* UIView+LoadFromNib.swift */ = {isa = PBXFileReference; lastKnownFileType = sourcecode.swift; path = "UIView+LoadFromNib.swift"; sourceTree = "<group>"; };
/* End PBXFileReference section */

/* Begin PBXFrameworksBuildPhase section */
		EF64501C21D7862D0017AF9D /* Frameworks */ = {
			isa = PBXFrameworksBuildPhase;
			buildActionMask = 2147483647;
			files = (
			);
			runOnlyForDeploymentPostprocessing = 0;
		};
/* End PBXFrameworksBuildPhase section */

/* Begin PBXGroup section */
		EF64501621D7862D0017AF9D = {
			isa = PBXGroup;
			children = (
				EF64502121D7862D0017AF9D /* InitViewFromXibSampler */,
				EF64502021D7862D0017AF9D /* Products */,
			);
			sourceTree = "<group>";
		};
		EF64502021D7862D0017AF9D /* Products */ = {
			isa = PBXGroup;
			children = (
				EF64501F21D7862D0017AF9D /* InitViewFromXibSampler.app */,
			);
			name = Products;
			sourceTree = "<group>";
		};
		EF64502121D7862D0017AF9D /* InitViewFromXibSampler */ = {
			isa = PBXGroup;
			children = (
				EF64502221D7862D0017AF9D /* AppDelegate.swift */,
				EF64504121D79D6E0017AF9D /* UIView+LoadFromNib.swift */,
				EF64503A21D79BE10017AF9D /* Main */,
				EF64503B21D79BF70017AF9D /* Inside */,
				EF64504021D79D3A0017AF9D /* Support Files */,
			);
			path = InitViewFromXibSampler;
			sourceTree = "<group>";
		};
		EF64503A21D79BE10017AF9D /* Main */ = {
			isa = PBXGroup;
			children = (
				EF64502421D7862D0017AF9D /* MainViewController.swift */,
				EF64503C21D79C0D0017AF9D /* MainViewModel.swift */,
				EF64503421D788F30017AF9D /* MainViewController.xib */,
			);
			path = Main;
			sourceTree = "<group>";
		};
		EF64503B21D79BF70017AF9D /* Inside */ = {
			isa = PBXGroup;
			children = (
				EF64503821D78E180017AF9D /* InsideView.swift */,
				EF64503E21D79C3E0017AF9D /* InsideViewModel.swift */,
				EF64503621D78E060017AF9D /* InsideView.xib */,
			);
			path = Inside;
			sourceTree = "<group>";
		};
		EF64504021D79D3A0017AF9D /* Support Files */ = {
			isa = PBXGroup;
			children = (
				EF64502921D7862F0017AF9D /* Assets.xcassets */,
				EF64502B21D7862F0017AF9D /* LaunchScreen.storyboard */,
				EF64502E21D7862F0017AF9D /* Info.plist */,
			);
			path = "Support Files";
			sourceTree = "<group>";
		};
/* End PBXGroup section */

/* Begin PBXNativeTarget section */
		EF64501E21D7862D0017AF9D /* InitViewFromXibSampler */ = {
			isa = PBXNativeTarget;
			buildConfigurationList = EF64503121D7862F0017AF9D /* Build configuration list for PBXNativeTarget "InitViewFromXibSampler" */;
			buildPhases = (
				EF64501B21D7862D0017AF9D /* Sources */,
				EF64501C21D7862D0017AF9D /* Frameworks */,
				EF64501D21D7862D0017AF9D /* Resources */,
			);
			buildRules = (
			);
			dependencies = (
			);
			name = InitViewFromXibSampler;
			productName = InitViewFromXibSampler;
			productReference = EF64501F21D7862D0017AF9D /* InitViewFromXibSampler.app */;
			productType = "com.apple.product-type.application";
		};
/* End PBXNativeTarget section */

/* Begin PBXProject section */
		EF64501721D7862D0017AF9D /* Project object */ = {
			isa = PBXProject;
			attributes = {
				LastSwiftUpdateCheck = 1010;
				LastUpgradeCheck = 1010;
				ORGANIZATIONNAME = com.shota;
				TargetAttributes = {
					EF64501E21D7862D0017AF9D = {
						CreatedOnToolsVersion = 10.1;
					};
				};
			};
			buildConfigurationList = EF64501A21D7862D0017AF9D /* Build configuration list for PBXProject "InitViewFromXibSampler" */;
			compatibilityVersion = "Xcode 9.3";
			developmentRegion = en;
			hasScannedForEncodings = 0;
			knownRegions = (
				en,
				Base,
			);
			mainGroup = EF64501621D7862D0017AF9D;
			productRefGroup = EF64502021D7862D0017AF9D /* Products */;
			projectDirPath = "";
			projectRoot = "";
			targets = (
				EF64501E21D7862D0017AF9D /* InitViewFromXibSampler */,
			);
		};
/* End PBXProject section */

/* Begin PBXResourcesBuildPhase section */
		EF64501D21D7862D0017AF9D /* Resources */ = {
			isa = PBXResourcesBuildPhase;
			buildActionMask = 2147483647;
			files = (
				EF64502D21D7862F0017AF9D /* LaunchScreen.storyboard in Resources */,
				EF64502A21D7862F0017AF9D /* Assets.xcassets in Resources */,
				EF64503721D78E060017AF9D /* InsideView.xib in Resources */,
				EF64503521D788F30017AF9D /* MainViewController.xib in Resources */,
			);
			runOnlyForDeploymentPostprocessing = 0;
		};
/* End PBXResourcesBuildPhase section */

/* Begin PBXSourcesBuildPhase section */
		EF64501B21D7862D0017AF9D /* Sources */ = {
			isa = PBXSourcesBuildPhase;
			buildActionMask = 2147483647;
			files = (
				EF64503F21D79C3E0017AF9D /* InsideViewModel.swift in Sources */,
				EF64502521D7862D0017AF9D /* MainViewController.swift in Sources */,
				EF64504221D79D6E0017AF9D /* UIView+LoadFromNib.swift in Sources */,
				EF64503921D78E180017AF9D /* InsideView.swift in Sources */,
				EF64502321D7862D0017AF9D /* AppDelegate.swift in Sources */,
				EF64503D21D79C0D0017AF9D /* MainViewModel.swift in Sources */,
			);
			runOnlyForDeploymentPostprocessing = 0;
		};
/* End PBXSourcesBuildPhase section */

/* Begin PBXVariantGroup section */
		EF64502B21D7862F0017AF9D /* LaunchScreen.storyboard */ = {
			isa = PBXVariantGroup;
			children = (
				EF64502C21D7862F0017AF9D /* Base */,
			);
			name = LaunchScreen.storyboard;
			sourceTree = "<group>";
		};
/* End PBXVariantGroup section */

/* Begin XCBuildConfiguration section */
		EF64502F21D7862F0017AF9D /* Debug */ = {
			isa = XCBuildConfiguration;
			buildSettings = {
				ALWAYS_SEARCH_USER_PATHS = NO;
				CLANG_ANALYZER_NONNULL = YES;
				CLANG_ANALYZER_NUMBER_OBJECT_CONVERSION = YES_AGGRESSIVE;
				CLANG_CXX_LANGUAGE_STANDARD = "gnu++14";
				CLANG_CXX_LIBRARY = "libc++";
				CLANG_ENABLE_MODULES = YES;
				CLANG_ENABLE_OBJC_ARC = YES;
				CLANG_ENABLE_OBJC_WEAK = YES;
				CLANG_WARN_BLOCK_CAPTURE_AUTORELEASING = YES;
				CLANG_WARN_BOOL_CONVERSION = YES;
				CLANG_WARN_COMMA = YES;
				CLANG_WARN_CONSTANT_CONVERSION = YES;
				CLANG_WARN_DEPRECATED_OBJC_IMPLEMENTATIONS = YES;
				CLANG_WARN_DIRECT_OBJC_ISA_USAGE = YES_ERROR;
				CLANG_WARN_DOCUMENTATION_COMMENTS = YES;
				CLANG_WARN_EMPTY_BODY = YES;
				CLANG_WARN_ENUM_CONVERSION = YES;
				CLANG_WARN_INFINITE_RECURSION = YES;
				CLANG_WARN_INT_CONVERSION = YES;
				CLANG_WARN_NON_LITERAL_NULL_CONVERSION = YES;
				CLANG_WARN_OBJC_IMPLICIT_RETAIN_SELF = YES;
				CLANG_WARN_OBJC_LITERAL_CONVERSION = YES;
				CLANG_WARN_OBJC_ROOT_CLASS = YES_ERROR;
				CLANG_WARN_RANGE_LOOP_ANALYSIS = YES;
				CLANG_WARN_STRICT_PROTOTYPES = YES;
				CLANG_WARN_SUSPICIOUS_MOVE = YES;
				CLANG_WARN_UNGUARDED_AVAILABILITY = YES_AGGRESSIVE;
				CLANG_WARN_UNREACHABLE_CODE = YES;
				CLANG_WARN__DUPLICATE_METHOD_MATCH = YES;
				CODE_SIGN_IDENTITY = "iPhone Developer";
				COPY_PHASE_STRIP = NO;
				DEBUG_INFORMATION_FORMAT = dwarf;
				ENABLE_STRICT_OBJC_MSGSEND = YES;
				ENABLE_TESTABILITY = YES;
				GCC_C_LANGUAGE_STANDARD = gnu11;
				GCC_DYNAMIC_NO_PIC = NO;
				GCC_NO_COMMON_BLOCKS = YES;
				GCC_OPTIMIZATION_LEVEL = 0;
				GCC_PREPROCESSOR_DEFINITIONS = (
					"DEBUG=1",
					"$(inherited)",
				);
				GCC_WARN_64_TO_32_BIT_CONVERSION = YES;
				GCC_WARN_ABOUT_RETURN_TYPE = YES_ERROR;
				GCC_WARN_UNDECLARED_SELECTOR = YES;
				GCC_WARN_UNINITIALIZED_AUTOS = YES_AGGRESSIVE;
				GCC_WARN_UNUSED_FUNCTION = YES;
				GCC_WARN_UNUSED_VARIABLE = YES;
				IPHONEOS_DEPLOYMENT_TARGET = 12.1;
				MTL_ENABLE_DEBUG_INFO = INCLUDE_SOURCE;
				MTL_FAST_MATH = YES;
				ONLY_ACTIVE_ARCH = YES;
				SDKROOT = iphoneos;
				SWIFT_ACTIVE_COMPILATION_CONDITIONS = DEBUG;
				SWIFT_OPTIMIZATION_LEVEL = "-Onone";
			};
			name = Debug;
		};
		EF64503021D7862F0017AF9D /* Release */ = {
			isa = XCBuildConfiguration;
			buildSettings = {
				ALWAYS_SEARCH_USER_PATHS = NO;
				CLANG_ANALYZER_NONNULL = YES;
				CLANG_ANALYZER_NUMBER_OBJECT_CONVERSION = YES_AGGRESSIVE;
				CLANG_CXX_LANGUAGE_STANDARD = "gnu++14";
				CLANG_CXX_LIBRARY = "libc++";
				CLANG_ENABLE_MODULES = YES;
				CLANG_ENABLE_OBJC_ARC = YES;
				CLANG_ENABLE_OBJC_WEAK = YES;
				CLANG_WARN_BLOCK_CAPTURE_AUTORELEASING = YES;
				CLANG_WARN_BOOL_CONVERSION = YES;
				CLANG_WARN_COMMA = YES;
				CLANG_WARN_CONSTANT_CONVERSION = YES;
				CLANG_WARN_DEPRECATED_OBJC_IMPLEMENTATIONS = YES;
				CLANG_WARN_DIRECT_OBJC_ISA_USAGE = YES_ERROR;
				CLANG_WARN_DOCUMENTATION_COMMENTS = YES;
				CLANG_WARN_EMPTY_BODY = YES;
				CLANG_WARN_ENUM_CONVERSION = YES;
				CLANG_WARN_INFINITE_RECURSION = YES;
				CLANG_WARN_INT_CONVERSION = YES;
				CLANG_WARN_NON_LITERAL_NULL_CONVERSION = YES;
				CLANG_WARN_OBJC_IMPLICIT_RETAIN_SELF = YES;
				CLANG_WARN_OBJC_LITERAL_CONVERSION = YES;
				CLANG_WARN_OBJC_ROOT_CLASS = YES_ERROR;
				CLANG_WARN_RANGE_LOOP_ANALYSIS = YES;
				CLANG_WARN_STRICT_PROTOTYPES = YES;
				CLANG_WARN_SUSPICIOUS_MOVE = YES;
				CLANG_WARN_UNGUARDED_AVAILABILITY = YES_AGGRESSIVE;
				CLANG_WARN_UNREACHABLE_CODE = YES;
				CLANG_WARN__DUPLICATE_METHOD_MATCH = YES;
				CODE_SIGN_IDENTITY = "iPhone Developer";
				COPY_PHASE_STRIP = NO;
				DEBUG_INFORMATION_FORMAT = "dwarf-with-dsym";
				ENABLE_NS_ASSERTIONS = NO;
				ENABLE_STRICT_OBJC_MSGSEND = YES;
				GCC_C_LANGUAGE_STANDARD = gnu11;
				GCC_NO_COMMON_BLOCKS = YES;
				GCC_WARN_64_TO_32_BIT_CONVERSION = YES;
				GCC_WARN_ABOUT_RETURN_TYPE = YES_ERROR;
				GCC_WARN_UNDECLARED_SELECTOR = YES;
				GCC_WARN_UNINITIALIZED_AUTOS = YES_AGGRESSIVE;
				GCC_WARN_UNUSED_FUNCTION = YES;
				GCC_WARN_UNUSED_VARIABLE = YES;
				IPHONEOS_DEPLOYMENT_TARGET = 12.1;
				MTL_ENABLE_DEBUG_INFO = NO;
				MTL_FAST_MATH = YES;
				SDKROOT = iphoneos;
				SWIFT_COMPILATION_MODE = wholemodule;
				SWIFT_OPTIMIZATION_LEVEL = "-O";
				VALIDATE_PRODUCT = YES;
			};
			name = Release;
		};
		EF64503221D7862F0017AF9D /* Debug */ = {
			isa = XCBuildConfiguration;
			buildSettings = {
				ASSETCATALOG_COMPILER_APPICON_NAME = AppIcon;
				CODE_SIGN_STYLE = Automatic;
				DEVELOPMENT_TEAM = 7TNE6426T3;
				INFOPLIST_FILE = "$(SRCROOT)/InitViewFromXibSampler/Support Files/Info.plist";
				LD_RUNPATH_SEARCH_PATHS = (
					"$(inherited)",
					"@executable_path/Frameworks",
				);
				PRODUCT_BUNDLE_IDENTIFIER = com.shota.InitViewFromXibSampler;
				PRODUCT_NAME = "$(TARGET_NAME)";
				SWIFT_VERSION = 4.2;
				TARGETED_DEVICE_FAMILY = "1,2";
			};
			name = Debug;
		};
		EF64503321D7862F0017AF9D /* Release */ = {
			isa = XCBuildConfiguration;
			buildSettings = {
				ASSETCATALOG_COMPILER_APPICON_NAME = AppIcon;
				CODE_SIGN_STYLE = Automatic;
				DEVELOPMENT_TEAM = 7TNE6426T3;
				INFOPLIST_FILE = "$(SRCROOT)/InitViewFromXibSampler/Support Files/Info.plist";
				LD_RUNPATH_SEARCH_PATHS = (
					"$(inherited)",
					"@executable_path/Frameworks",
				);
				PRODUCT_BUNDLE_IDENTIFIER = com.shota.InitViewFromXibSampler;
				PRODUCT_NAME = "$(TARGET_NAME)";
				SWIFT_VERSION = 4.2;
				TARGETED_DEVICE_FAMILY = "1,2";
			};
			name = Release;
		};
/* End XCBuildConfiguration section */

/* Begin XCConfigurationList section */
		EF64501A21D7862D0017AF9D /* Build configuration list for PBXProject "InitViewFromXibSampler" */ = {
			isa = XCConfigurationList;
			buildConfigurations = (
				EF64502F21D7862F0017AF9D /* Debug */,
				EF64503021D7862F0017AF9D /* Release */,
			);
			defaultConfigurationIsVisible = 0;
			defaultConfigurationName = Release;
		};
		EF64503121D7862F0017AF9D /* Build configuration list for PBXNativeTarget "InitViewFromXibSampler" */ = {
			isa = XCConfigurationList;
			buildConfigurations = (
				EF64503221D7862F0017AF9D /* Debug */,
				EF64503321D7862F0017AF9D /* Release */,
			);
			defaultConfigurationIsVisible = 0;
			defaultConfigurationName = Release;
		};
/* End XCConfigurationList section */
	};
	rootObject = EF64501721D7862D0017AF9D /* Project object */;
}
